<?xml version="1.0" encoding="utf-8"?>
<Project ToolsVersion="4.0" xmlns="http://schemas.microsoft.com/developer/msbuild/2003">
  <ItemGroup>
    <Filter Include="Source Files">
      <UniqueIdentifier>{4FC737F1-C7A5-4376-A066-2A32D752A2FF}</UniqueIdentifier>
      <Extensions>cpp;c;cc;cxx;def;odl;idl;hpj;bat;asm;asmx</Extensions>
    </Filter>
    <Filter Include="Header Files">
      <UniqueIdentifier>{93995380-89BD-4b04-88EB-625FBE52EBFB}</UniqueIdentifier>
      <Extensions>h;hh;hpp;hxx;hm;inl;inc;xsd</Extensions>
    </Filter>
    <Filter Include="Resource Files">
      <UniqueIdentifier>{67DA6AB6-F800-4c08-8B7A-83BB121AAD01}</UniqueIdentifier>
      <Extensions>rc;ico;cur;bmp;dlg;rc2;rct;bin;rgs;gif;jpg;jpeg;jpe;resx;tiff;tif;png;wav</Extensions>
    </Filter>
  </ItemGroup>
  <ItemGroup>
    <ClCompile Include="bench\bench.c">
      <Filter>Source Files</Filter>
    </ClCompile>
    <ClCompile Include="bench\delta_schunk.c">
      <Filter>Source Files</Filter>
    </ClCompile>
    <ClCompile Include="blosc\bitshuffle-avx2.c">
      <Filter>Source Files</Filter>
    </ClCompile>
    <ClCompile Include="blosc\bitshuffle-generic.c">
      <Filter>Source Files</Filter>
    </ClCompile>
    <ClCompile Include="blosc\bitshuffle-neon.c">
      <Filter>Source Files</Filter>
    </ClCompile>
    <ClCompile Include="blosc\bitshuffle-sse2.c">
      <Filter>Source Files</Filter>
    </ClCompile>
    <ClCompile Include="blosc\blosc.c">
      <Filter>Source Files</Filter>
    </ClCompile>
    <ClCompile Include="blosc\blosclz.c">
      <Filter>Source Files</Filter>
    </ClCompile>
    <ClCompile Include="blosc\delta.c">
      <Filter>Source Files</Filter>
    </ClCompile>
    <ClCompile Include="blosc\schunk.c">
      <Filter>Source Files</Filter>
    </ClCompile>
    <ClCompile Include="blosc\shuffle-avx2.c">
      <Filter>Source Files</Filter>
    </ClCompile>
    <ClCompile Include="blosc\shuffle-generic.c">
      <Filter>Source Files</Filter>
    </ClCompile>
    <ClCompile Include="blosc\shuffle-neon.c">
      <Filter>Source Files</Filter>
    </ClCompile>
    <ClCompile Include="blosc\shuffle-sse2.c">
      <Filter>Source Files</Filter>
    </ClCompile>
    <ClCompile Include="blosc\shuffle.c">
      <Filter>Source Files</Filter>
    </ClCompile>
    <ClCompile Include="blosc\win32\pthread.c">
      <Filter>Source Files</Filter>
    </ClCompile>
    <ClCompile Include="examples\contexts.c">
      <Filter>Source Files</Filter>
    </ClCompile>
    <ClCompile Include="examples\delta_packed_schunk.c">
      <Filter>Source Files</Filter>
    </ClCompile>
    <ClCompile Include="examples\delta_schunk.c">
      <Filter>Source Files</Filter>
    </ClCompile>
    <ClCompile Include="examples\many_compressors.c">
      <Filter>Source Files</Filter>
    </ClCompile>
    <ClCompile Include="examples\multithread.c">
      <Filter>Source Files</Filter>
    </ClCompile>
    <ClCompile Include="examples\noinit.c">
      <Filter>Source Files</Filter>
    </ClCompile>
    <ClCompile Include="examples\simple.c">
      <Filter>Source Files</Filter>
    </ClCompile>
    <ClCompile Include="examples\simple_schunk.c">
      <Filter>Source Files</Filter>
    </ClCompile>
    <ClCompile Include="examples\win-dynamic-linking.c">
      <Filter>Source Files</Filter>
    </ClCompile>
    <ClCompile Include="internal-complibs\lz4-dev-20160622\lz4.c">
      <Filter>Source Files</Filter>
    </ClCompile>
    <ClCompile Include="internal-complibs\lz4-dev-20160622\lz4hc.c">
      <Filter>Source Files</Filter>
    </ClCompile>
    <ClCompile Include="internal-complibs\miniz-1.15\miniz.c">
      <Filter>Source Files</Filter>
    </ClCompile>
    <ClCompile Include="internal-complibs\zstd-0.7.4\common\entropy_common.c">
      <Filter>Source Files</Filter>
    </ClCompile>
    <ClCompile Include="internal-complibs\zstd-0.7.4\common\fse_decompress.c">
      <Filter>Source Files</Filter>
    </ClCompile>
    <ClCompile Include="internal-complibs\zstd-0.7.4\common\xxhash.c">
      <Filter>Source Files</Filter>
    </ClCompile>
    <ClCompile Include="internal-complibs\zstd-0.7.4\common\zstd_common.c">
      <Filter>Source Files</Filter>
    </ClCompile>
    <ClCompile Include="internal-complibs\zstd-0.7.4\compress\fse_compress.c">
      <Filter>Source Files</Filter>
    </ClCompile>
    <ClCompile Include="internal-complibs\zstd-0.7.4\compress\huf_compress.c">
      <Filter>Source Files</Filter>
    </ClCompile>
    <ClCompile Include="internal-complibs\zstd-0.7.4\compress\zbuff_compress.c">
      <Filter>Source Files</Filter>
    </ClCompile>
    <ClCompile Include="internal-complibs\zstd-0.7.4\compress\zstd_compress.c">
      <Filter>Source Files</Filter>
    </ClCompile>
    <ClCompile Include="internal-complibs\zstd-0.7.4\decompress\huf_decompress.c">
      <Filter>Source Files</Filter>
    </ClCompile>
    <ClCompile Include="internal-complibs\zstd-0.7.4\decompress\zbuff_decompress.c">
      <Filter>Source Files</Filter>
    </ClCompile>
    <ClCompile Include="internal-complibs\zstd-0.7.4\decompress\zstd_decompress.c">
      <Filter>Source Files</Filter>
    </ClCompile>
    <ClCompile Include="internal-complibs\zstd-0.7.4\dictbuilder\divsufsort.c">
      <Filter>Source Files</Filter>
    </ClCompile>
    <ClCompile Include="internal-complibs\zstd-0.7.4\dictbuilder\zdict.c">
      <Filter>Source Files</Filter>
    </ClCompile>
    <ClCompile Include="internal-complibs\zstd-0.7.4\legacy\zstd_v01.c">
      <Filter>Source Files</Filter>
    </ClCompile>
    <ClCompile Include="internal-complibs\zstd-0.7.4\legacy\zstd_v02.c">
      <Filter>Source Files</Filter>
    </ClCompile>
    <ClCompile Include="internal-complibs\zstd-0.7.4\legacy\zstd_v03.c">
      <Filter>Source Files</Filter>
    </ClCompile>
    <ClCompile Include="internal-complibs\zstd-0.7.4\legacy\zstd_v04.c">
      <Filter>Source Files</Filter>
    </ClCompile>
    <ClCompile Include="internal-complibs\zstd-0.7.4\legacy\zstd_v05.c">
      <Filter>Source Files</Filter>
    </ClCompile>
    <ClCompile Include="internal-complibs\zstd-0.7.4\legacy\zstd_v06.c">
      <Filter>Source Files</Filter>
    </ClCompile>
    <ClCompile Include="tests\gcc-segfault-issue.c">
      <Filter>Source Files</Filter>
    </ClCompile>
    <ClCompile Include="tests\print_versions.c">
      <Filter>Source Files</Filter>
    </ClCompile>
    <ClCompile Include="tests\test_api.c">
      <Filter>Source Files</Filter>
    </ClCompile>
    <ClCompile Include="tests\test_compressor.c">
      <Filter>Source Files</Filter>
    </ClCompile>
    <ClCompile Include="tests\test_compress_roundtrip.c">
      <Filter>Source Files</Filter>
    </ClCompile>
    <ClCompile Include="tests\test_contexts.c">
      <Filter>Source Files</Filter>
    </ClCompile>
    <ClCompile Include="tests\test_delta_schunk.c">
      <Filter>Source Files</Filter>
    </ClCompile>
    <ClCompile Include="tests\test_getitem.c">
      <Filter>Source Files</Filter>
    </ClCompile>
    <ClCompile Include="tests\test_maxout.c">
      <Filter>Source Files</Filter>
    </ClCompile>
    <ClCompile Include="tests\test_noinit.c">
      <Filter>Source Files</Filter>
    </ClCompile>
    <ClCompile Include="tests\test_nolock.c">
      <Filter>Source Files</Filter>
    </ClCompile>
    <ClCompile Include="tests\test_nthreads.c">
      <Filter>Source Files</Filter>
    </ClCompile>
    <ClCompile Include="tests\test_shuffle_roundtrip_avx2.c">
      <Filter>Source Files</Filter>
    </ClCompile>
    <ClCompile Include="tests\test_shuffle_roundtrip_generic.c">
      <Filter>Source Files</Filter>
    </ClCompile>
    <ClCompile Include="tests\test_shuffle_roundtrip_sse2.c">
      <Filter>Source Files</Filter>
    </ClCompile>
  </ItemGroup>
  <ItemGroup>
    <ClInclude Include="blosc\bitshuffle-avx2.h">
      <Filter>Header Files</Filter>
    </ClInclude>
    <ClInclude Include="blosc\bitshuffle-generic.h">
      <Filter>Header Files</Filter>
    </ClInclude>
    <ClInclude Include="blosc\bitshuffle-neon.h">
      <Filter>Header Files</Filter>
    </ClInclude>
    <ClInclude Include="blosc\bitshuffle-sse2.h">
      <Filter>Header Files</Filter>
    </ClInclude>
    <ClInclude Include="blosc\blosc-export.h">
      <Filter>Header Files</Filter>
    </ClInclude>
    <ClInclude Include="blosc\blosc.h">
      <Filter>Header Files</Filter>
    </ClInclude>
    <ClInclude Include="blosc\blosclz.h">
      <Filter>Header Files</Filter>
    </ClInclude>
    <ClInclude Include="blosc\delta.h">
      <Filter>Header Files</Filter>
    </ClInclude>
    <ClInclude Include="blosc\schunk.h">
      <Filter>Header Files</Filter>
    </ClInclude>
    <ClInclude Include="blosc\shuffle-avx2.h">
      <Filter>Header Files</Filter>
    </ClInclude>
    <ClInclude Include="blosc\shuffle-common.h">
      <Filter>Header Files</Filter>
    </ClInclude>
    <ClInclude Include="blosc\shuffle-generic.h">
      <Filter>Header Files</Filter>
    </ClInclude>
    <ClInclude Include="blosc\shuffle-neon.h">
      <Filter>Header Files</Filter>
    </ClInclude>
    <ClInclude Include="blosc\shuffle-sse2.h">
      <Filter>Header Files</Filter>
    </ClInclude>
    <ClInclude Include="blosc\shuffle.h">
      <Filter>Header Files</Filter>
    </ClInclude>
    <ClInclude Include="blosc\win32\pthread.h">
      <Filter>Header Files</Filter>
    </ClInclude>
    <ClInclude Include="blosc\win32\stdint-windows.h">
      <Filter>Header Files</Filter>
    </ClInclude>
    <ClInclude Include="internal-complibs\lz4-dev-20160622\lz4.h">
      <Filter>Header Files</Filter>
    </ClInclude>
    <ClInclude Include="internal-complibs\lz4-dev-20160622\lz4hc.h">
      <Filter>Header Files</Filter>
    </ClInclude>
    <ClInclude Include="internal-complibs\zstd-0.7.4\common\bitstream.h">
      <Filter>Header Files</Filter>
    </ClInclude>
    <ClInclude Include="internal-complibs\zstd-0.7.4\common\error_private.h">
      <Filter>Header Files</Filter>
    </ClInclude>
    <ClInclude Include="internal-complibs\zstd-0.7.4\common\error_public.h">
      <Filter>Header Files</Filter>
    </ClInclude>
    <ClInclude Include="internal-complibs\zstd-0.7.4\common\fse.h">
      <Filter>Header Files</Filter>
    </ClInclude>
    <ClInclude Include="internal-complibs\zstd-0.7.4\common\huf.h">
      <Filter>Header Files</Filter>
    </ClInclude>
    <ClInclude Include="internal-complibs\zstd-0.7.4\common\mem.h">
      <Filter>Header Files</Filter>
    </ClInclude>
    <ClInclude Include="internal-complibs\zstd-0.7.4\common\xxhash.h">
      <Filter>Header Files</Filter>
    </ClInclude>
    <ClInclude Include="internal-complibs\zstd-0.7.4\common\zbuff.h">
      <Filter>Header Files</Filter>
    </ClInclude>
    <ClInclude Include="internal-complibs\zstd-0.7.4\common\zstd.h">
      <Filter>Header Files</Filter>
    </ClInclude>
    <ClInclude Include="internal-complibs\zstd-0.7.4\common\zstd_internal.h">
      <Filter>Header Files</Filter>
    </ClInclude>
    <ClInclude Include="internal-complibs\zstd-0.7.4\compress\zstd_opt.h">
      <Filter>Header Files</Filter>
    </ClInclude>
    <ClInclude Include="internal-complibs\zstd-0.7.4\compress\.debug\zstd_stats.h">
      <Filter>Header Files</Filter>
    </ClInclude>
    <ClInclude Include="internal-complibs\zstd-0.7.4\dictbuilder\divsufsort.h">
      <Filter>Header Files</Filter>
    </ClInclude>
    <ClInclude Include="internal-complibs\zstd-0.7.4\dictbuilder\zdict.h">
      <Filter>Header Files</Filter>
    </ClInclude>
    <ClInclude Include="internal-complibs\zstd-0.7.4\legacy\zstd_legacy.h">
      <Filter>Header Files</Filter>
    </ClInclude>
    <ClInclude Include="internal-complibs\zstd-0.7.4\legacy\zstd_v01.h">
      <Filter>Header Files</Filter>
    </ClInclude>
    <ClInclude Include="internal-complibs\zstd-0.7.4\legacy\zstd_v02.h">
      <Filter>Header Files</Filter>
    </ClInclude>
    <ClInclude Include="internal-complibs\zstd-0.7.4\legacy\zstd_v03.h">
      <Filter>Header Files</Filter>
    </ClInclude>
    <ClInclude Include="internal-complibs\zstd-0.7.4\legacy\zstd_v04.h">
      <Filter>Header Files</Filter>
    </ClInclude>
    <ClInclude Include="internal-complibs\zstd-0.7.4\legacy\zstd_v05.h">
      <Filter>Header Files</Filter>
    </ClInclude>
    <ClInclude Include="internal-complibs\zstd-0.7.4\legacy\zstd_v06.h">
      <Filter>Header Files</Filter>
    </ClInclude>
    <ClInclude Include="tests\test_common.h">
      <Filter>Header Files</Filter>
    </ClInclude>
  </ItemGroup>
</Project>